version = 1

[[bindings]]
doc = "CLAUDE.md"
target = "SPEC.md#the-rework-loop-and-its-four-bounding-guards"
sig = "c589b70ef7bb72cd"

[[bindings]]
doc = "CLAUDE.md"
target = "src/controller/executor.ts#runExecutor"
sig = "963aca840f24ee89"

[[bindings]]
doc = "CLAUDE.md"
target = "src/persistence/db.ts#SCHEMA_VERSION"
sig = "6af79b5e2d52ef3d"

[[bindings]]
doc = "SPEC.md"
target = "src/checkpoint/checkpoint.ts#computeBindingStamp"
sig = "c285309b07a9de1d"

[[bindings]]
doc = "SPEC.md"
target = "src/controller/skip-when.ts#evaluateSkipWhen"
sig = "ab2bcfcf7bc19f36"

[[bindings]]
doc = "SPEC.md"
target = "src/flow/load.ts#validateSkipWhen"
sig = "619f4e1b2b5dbf22"

[[bindings]]
doc = "SPEC.md"
target = "src/ingress/keyed-runs.ts#routeKeyedEvent"
sig = "692e844779431be5"

[[bindings]]
doc = "SPEC.md"
target = "src/ingress/run-key.ts#resolveRunKey"
sig = "a9588a9bd1008961"

[[bindings]]
doc = "SPEC.md"
target = "src/law/contract.ts"
sig = "fd885d49d7e797aa"

[[bindings]]
doc = "SPEC.md"
target = "src/quality/rework.ts#decideQcReject"
sig = "9e1b191a9ef4e321"

[[bindings]]
doc = "SPEC.md"
target = "src/run/run-passes.ts#checkRunAppendable"
sig = "ffc4f3ef78e5b7ae"

[[bindings]]
doc = "SPEC.md"
target = "src/statemachine/transitions.ts#transition"
sig = "42305bed0d797a53"

[[bindings]]
doc = "SPEC.md"
target = "src/worker/integrity.ts#checkIntegrity"
sig = "ec86cf6e6cd93960"

[[bindings]]
doc = "docs/ingress-listener.md"
target = "src/ingress/binding.ts#parseIngressBinding"
sig = "bd240b0922e20e22"

[[bindings]]
doc = "docs/installation.md"
target = "src/cli/main.ts"
sig = "b8bb00955562b460"
