version = 1

[[bindings]]
doc = "CLAUDE.md"
target = "SPEC.md#the-rework-loop-and-its-four-bounding-guards"
sig = "c589b70ef7bb72cd"

[[bindings]]
doc = "CLAUDE.md"
target = "src/controller/executor.ts#runExecutor"
sig = "316063f480fee78c"

[[bindings]]
doc = "CLAUDE.md"
target = "src/persistence/db.ts#SCHEMA_VERSION"
sig = "6fa2fa6c576b623e"

[[bindings]]
doc = "SPEC.md"
target = "src/checkpoint/checkpoint.ts#computeBindingStamp"
sig = "c285309b07a9de1d"

[[bindings]]
doc = "SPEC.md"
target = "src/law/contract.ts"
sig = "fd885d49d7e797aa"

[[bindings]]
doc = "SPEC.md"
target = "src/quality/rework.ts#decideQcReject"
sig = "9e1b191a9ef4e321"

[[bindings]]
doc = "SPEC.md"
target = "src/statemachine/transitions.ts#transition"
sig = "9c9dfb188f55fac8"

[[bindings]]
doc = "SPEC.md"
target = "src/worker/integrity.ts#checkIntegrity"
sig = "ec86cf6e6cd93960"

[[bindings]]
doc = "docs/installation.md"
target = "src/cli/main.ts"
sig = "e5b64f4c2c56b607"
